
Microsoft Visual Studio Solution File, Format Version 12.00
# Visual Studio 15
VisualStudioVersion = 15.0.28307.329
MinimumVisualStudioVersion = 10.0.40219.1
Project("{FAE04EC0-301F-11D3-BF4B-00C04F79EFBC}") = "SFTabViewTester.Android", "SFTabViewTester\SFTabViewTester.Android\SFTabViewTester.Android.csproj", "{EF9AEEB8-270C-4D9A-AEAC-0A01760F60A1}"
EndProject
Project("{FAE04EC0-301F-11D3-BF4B-00C04F79EFBC}") = "SFTabViewTester.iOS", "SFTabViewTester\SFTabViewTester.iOS\SFTabViewTester.iOS.csproj", "{06CEE4C6-7618-43B9-B83B-2EC09D52C240}"
EndProject
Project("{FAE04EC0-301F-11D3-BF4B-00C04F79EFBC}") = "SFTabViewTester", "SFTabViewTester\SFTabViewTester\SFTabViewTester.csproj", "{C0100112-1897-4059-8CE0-7F3086A166EA}"
EndProject
Global
	GlobalSection(SolutionConfigurationPlatforms) = preSolution
		Ad-Hoc|Any CPU = Ad-Hoc|Any CPU
		Ad-Hoc|iPhone = Ad-Hoc|iPhone
		Ad-Hoc|iPhoneSimulator = Ad-Hoc|iPhoneSimulator
		AppStore|Any CPU = AppStore|Any CPU
		AppStore|iPhone = AppStore|iPhone
		AppStore|iPhoneSimulator = AppStore|iPhoneSimulator
		Debug|Any CPU = Debug|Any CPU
		Debug|iPhone = Debug|iPhone
		Debug|iPhoneSimulator = Debug|iPhoneSimulator
		Release|Any CPU = Release|Any CPU
		Release|iPhone = Release|iPhone
		Release|iPhoneSimulator = Release|iPhoneSimulator
	EndGlobalSection
	GlobalSection(ProjectConfigurationPlatforms) = postSolution
		{EF9AEEB8-270C-4D9A-AEAC-0A01760F60A1}.Ad-Hoc|Any CPU.ActiveCfg = Release|Any CPU
		{EF9AEEB8-270C-4D9A-AEAC-0A01760F60A1}.Ad-Hoc|Any CPU.Build.0 = Release|Any CPU
		{EF9AEEB8-270C-4D9A-AEAC-0A01760F60A1}.Ad-Hoc|Any CPU.Deploy.0 = Release|Any CPU
		{EF9AEEB8-270C-4D9A-AEAC-0A01760F60A1}.Ad-Hoc|iPhone.ActiveCfg = Release|Any CPU
		{EF9AEEB8-270C-4D9A-AEAC-0A01760F60A1}.Ad-Hoc|iPhone.Build.0 = Release|Any CPU
		{EF9AEEB8-270C-4D9A-AEAC-0A01760F60A1}.Ad-Hoc|iPhone.Deploy.0 = Release|Any CPU
		{EF9AEEB8-270C-4D9A-AEAC-0A01760F60A1}.Ad-Hoc|iPhoneSimulator.ActiveCfg = Release|Any CPU
		{EF9AEEB8-270C-4D9A-AEAC-0A01760F60A1}.Ad-Hoc|iPhoneSimulator.Build.0 = Release|Any CPU
		{EF9AEEB8-270C-4D9A-AEAC-0A01760F60A1}.Ad-Hoc|iPhoneSimulator.Deploy.0 = Release|Any CPU
		{EF9AEEB8-270C-4D9A-AEAC-0A01760F60A1}.AppStore|Any CPU.ActiveCfg = Release|Any CPU
		{EF9AEEB8-270C-4D9A-AEAC-0A01760F60A1}.AppStore|Any CPU.Build.0 = Release|Any CPU
		{EF9AEEB8-270C-4D9A-AEAC-0A01760F60A1}.AppStore|Any CPU.Deploy.0 = Release|Any CPU
		{EF9AEEB8-270C-4D9A-AEAC-0A01760F60A1}.AppStore|iPhone.ActiveCfg = Release|Any CPU
		{EF9AEEB8-270C-4D9A-AEAC-0A01760F60A1}.AppStore|iPhone.Build.0 = Release|Any CPU
		{EF9AEEB8-270C-4D9A-AEAC-0A01760F60A1}.AppStore|iPhone.Deploy.0 = Release|Any CPU
		{EF9AEEB8-270C-4D9A-AEAC-0A01760F60A1}.AppStore|iPhoneSimulator.ActiveCfg = Release|Any CPU
		{EF9AEEB8-270C-4D9A-AEAC-0A01760F60A1}.AppStore|iPhoneSimulator.Build.0 = Release|Any CPU
		{EF9AEEB8-270C-4D9A-AEAC-0A01760F60A1}.AppStore|iPhoneSimulator.Deploy.0 = Release|Any CPU
		{EF9AEEB8-270C-4D9A-AEAC-0A01760F60A1}.Debug|Any CPU.ActiveCfg = Debug|Any CPU
		{EF9AEEB8-270C-4D9A-AEAC-0A01760F60A1}.Debug|Any CPU.Build.0 = Debug|Any CPU
		{EF9AEEB8-270C-4D9A-AEAC-0A01760F60A1}.Debug|Any CPU.Deploy.0 = Debug|Any CPU
		{EF9AEEB8-270C-4D9A-AEAC-0A01760F60A1}.Debug|iPhone.ActiveCfg = Debug|Any CPU
		{EF9AEEB8-270C-4D9A-AEAC-0A01760F60A1}.Debug|iPhone.Build.0 = Debug|Any CPU
		{EF9AEEB8-270C-4D9A-AEAC-0A01760F60A1}.Debug|iPhone.Deploy.0 = Debug|Any CPU
		{EF9AEEB8-270C-4D9A-AEAC-0A01760F60A1}.Debug|iPhoneSimulator.ActiveCfg = Debug|Any CPU
		{EF9AEEB8-270C-4D9A-AEAC-0A01760F60A1}.Debug|iPhoneSimulator.Build.0 = Debug|Any CPU
		{EF9AEEB8-270C-4D9A-AEAC-0A01760F60A1}.Debug|iPhoneSimulator.Deploy.0 = Debug|Any CPU
		{EF9AEEB8-270C-4D9A-AEAC-0A01760F60A1}.Release|Any CPU.ActiveCfg = Release|Any CPU
		{EF9AEEB8-270C-4D9A-AEAC-0A01760F60A1}.Release|Any CPU.Build.0 = Release|Any CPU
		{EF9AEEB8-270C-4D9A-AEAC-0A01760F60A1}.Release|Any CPU.Deploy.0 = Release|Any CPU
		{EF9AEEB8-270C-4D9A-AEAC-0A01760F60A1}.Release|iPhone.ActiveCfg = Release|Any CPU
		{EF9AEEB8-270C-4D9A-AEAC-0A01760F60A1}.Release|iPhone.Build.0 = Release|Any CPU
		{EF9AEEB8-270C-4D9A-AEAC-0A01760F60A1}.Release|iPhone.Deploy.0 = Release|Any CPU
		{EF9AEEB8-270C-4D9A-AEAC-0A01760F60A1}.Release|iPhoneSimulator.ActiveCfg = Release|Any CPU
		{EF9AEEB8-270C-4D9A-AEAC-0A01760F60A1}.Release|iPhoneSimulator.Build.0 = Release|Any CPU
		{EF9AEEB8-270C-4D9A-AEAC-0A01760F60A1}.Release|iPhoneSimulator.Deploy.0 = Release|Any CPU
		{06CEE4C6-7618-43B9-B83B-2EC09D52C240}.Ad-Hoc|Any CPU.ActiveCfg = Ad-Hoc|iPhone
		{06CEE4C6-7618-43B9-B83B-2EC09D52C240}.Ad-Hoc|Any CPU.Build.0 = Ad-Hoc|iPhone
		{06CEE4C6-7618-43B9-B83B-2EC09D52C240}.Ad-Hoc|Any CPU.Deploy.0 = Ad-Hoc|iPhone
		{06CEE4C6-7618-43B9-B83B-2EC09D52C240}.Ad-Hoc|iPhone.ActiveCfg = Ad-Hoc|iPhone
		{06CEE4C6-7618-43B9-B83B-2EC09D52C240}.Ad-Hoc|iPhone.Build.0 = Ad-Hoc|iPhone
		{06CEE4C6-7618-43B9-B83B-2EC09D52C240}.Ad-Hoc|iPhone.Deploy.0 = Ad-Hoc|iPhone
		{06CEE4C6-7618-43B9-B83B-2EC09D52C240}.Ad-Hoc|iPhoneSimulator.ActiveCfg = Ad-Hoc|iPhoneSimulator
		{06CEE4C6-7618-43B9-B83B-2EC09D52C240}.Ad-Hoc|iPhoneSimulator.Build.0 = Ad-Hoc|iPhoneSimulator
		{06CEE4C6-7618-43B9-B83B-2EC09D52C240}.Ad-Hoc|iPhoneSimulator.Deploy.0 = Ad-Hoc|iPhoneSimulator
		{06CEE4C6-7618-43B9-B83B-2EC09D52C240}.AppStore|Any CPU.ActiveCfg = AppStore|iPhone
		{06CEE4C6-7618-43B9-B83B-2EC09D52C240}.AppStore|Any CPU.Build.0 = AppStore|iPhone
		{06CEE4C6-7618-43B9-B83B-2EC09D52C240}.AppStore|Any CPU.Deploy.0 = AppStore|iPhone
		{06CEE4C6-7618-43B9-B83B-2EC09D52C240}.AppStore|iPhone.ActiveCfg = AppStore|iPhone
		{06CEE4C6-7618-43B9-B83B-2EC09D52C240}.AppStore|iPhone.Build.0 = AppStore|iPhone
		{06CEE4C6-7618-43B9-B83B-2EC09D52C240}.AppStore|iPhone.Deploy.0 = AppStore|iPhone
		{06CEE4C6-7618-43B9-B83B-2EC09D52C240}.AppStore|iPhoneSimulator.ActiveCfg = AppStore|iPhoneSimulator
		{06CEE4C6-7618-43B9-B83B-2EC09D52C240}.AppStore|iPhoneSimulator.Build.0 = AppStore|iPhoneSimulator
		{06CEE4C6-7618-43B9-B83B-2EC09D52C240}.AppStore|iPhoneSimulator.Deploy.0 = AppStore|iPhoneSimulator
		{06CEE4C6-7618-43B9-B83B-2EC09D52C240}.Debug|Any CPU.ActiveCfg = Debug|iPhoneSimulator
		{06CEE4C6-7618-43B9-B83B-2EC09D52C240}.Debug|Any CPU.Build.0 = Debug|iPhoneSimulator
		{06CEE4C6-7618-43B9-B83B-2EC09D52C240}.Debug|Any CPU.Deploy.0 = Debug|iPhoneSimulator
		{06CEE4C6-7618-43B9-B83B-2EC09D52C240}.Debug|iPhone.ActiveCfg = Debug|iPhone
		{06CEE4C6-7618-43B9-B83B-2EC09D52C240}.Debug|iPhone.Build.0 = Debug|iPhone
		{06CEE4C6-7618-43B9-B83B-2EC09D52C240}.Debug|iPhone.Deploy.0 = Debug|iPhone
		{06CEE4C6-7618-43B9-B83B-2EC09D52C240}.Debug|iPhoneSimulator.ActiveCfg = Debug|iPhoneSimulator
		{06CEE4C6-7618-43B9-B83B-2EC09D52C240}.Debug|iPhoneSimulator.Build.0 = Debug|iPhoneSimulator
		{06CEE4C6-7618-43B9-B83B-2EC09D52C240}.Debug|iPhoneSimulator.Deploy.0 = Debug|iPhoneSimulator
		{06CEE4C6-7618-43B9-B83B-2EC09D52C240}.Release|Any CPU.ActiveCfg = Release|iPhone
		{06CEE4C6-7618-43B9-B83B-2EC09D52C240}.Release|Any CPU.Build.0 = Release|iPhone
		{06CEE4C6-7618-43B9-B83B-2EC09D52C240}.Release|Any CPU.Deploy.0 = Release|iPhone
		{06CEE4C6-7618-43B9-B83B-2EC09D52C240}.Release|iPhone.ActiveCfg = Release|iPhone
		{06CEE4C6-7618-43B9-B83B-2EC09D52C240}.Release|iPhone.Build.0 = Release|iPhone
		{06CEE4C6-7618-43B9-B83B-2EC09D52C240}.Release|iPhone.Deploy.0 = Release|iPhone
		{06CEE4C6-7618-43B9-B83B-2EC09D52C240}.Release|iPhoneSimulator.ActiveCfg = Release|iPhoneSimulator
		{06CEE4C6-7618-43B9-B83B-2EC09D52C240}.Release|iPhoneSimulator.Build.0 = Release|iPhoneSimulator
		{06CEE4C6-7618-43B9-B83B-2EC09D52C240}.Release|iPhoneSimulator.Deploy.0 = Release|iPhoneSimulator
		{C0100112-1897-4059-8CE0-7F3086A166EA}.Ad-Hoc|Any CPU.ActiveCfg = Debug|Any CPU
		{C0100112-1897-4059-8CE0-7F3086A166EA}.Ad-Hoc|Any CPU.Build.0 = Debug|Any CPU
		{C0100112-1897-4059-8CE0-7F3086A166EA}.Ad-Hoc|Any CPU.Deploy.0 = Debug|Any CPU
		{C0100112-1897-4059-8CE0-7F3086A166EA}.Ad-Hoc|iPhone.ActiveCfg = Debug|Any CPU
		{C0100112-1897-4059-8CE0-7F3086A166EA}.Ad-Hoc|iPhone.Build.0 = Debug|Any CPU
		{C0100112-1897-4059-8CE0-7F3086A166EA}.Ad-Hoc|iPhone.Deploy.0 = Debug|Any CPU
		{C0100112-1897-4059-8CE0-7F3086A166EA}.Ad-Hoc|iPhoneSimulator.ActiveCfg = Debug|Any CPU
		{C0100112-1897-4059-8CE0-7F3086A166EA}.Ad-Hoc|iPhoneSimulator.Build.0 = Debug|Any CPU
		{C0100112-1897-4059-8CE0-7F3086A166EA}.Ad-Hoc|iPhoneSimulator.Deploy.0 = Debug|Any CPU
		{C0100112-1897-4059-8CE0-7F3086A166EA}.AppStore|Any CPU.ActiveCfg = Debug|Any CPU
		{C0100112-1897-4059-8CE0-7F3086A166EA}.AppStore|Any CPU.Build.0 = Debug|Any CPU
		{C0100112-1897-4059-8CE0-7F3086A166EA}.AppStore|Any CPU.Deploy.0 = Debug|Any CPU
		{C0100112-1897-4059-8CE0-7F3086A166EA}.AppStore|iPhone.ActiveCfg = Debug|Any CPU
		{C0100112-1897-4059-8CE0-7F3086A166EA}.AppStore|iPhone.Build.0 = Debug|Any CPU
		{C0100112-1897-4059-8CE0-7F3086A166EA}.AppStore|iPhone.Deploy.0 = Debug|Any CPU
		{C0100112-1897-4059-8CE0-7F3086A166EA}.AppStore|iPhoneSimulator.ActiveCfg = Debug|Any CPU
		{C0100112-1897-4059-8CE0-7F3086A166EA}.AppStore|iPhoneSimulator.Build.0 = Debug|Any CPU
		{C0100112-1897-4059-8CE0-7F3086A166EA}.AppStore|iPhoneSimulator.Deploy.0 = Debug|Any CPU
		{C0100112-1897-4059-8CE0-7F3086A166EA}.Debug|Any CPU.ActiveCfg = Debug|Any CPU
		{C0100112-1897-4059-8CE0-7F3086A166EA}.Debug|Any CPU.Build.0 = Debug|Any CPU
		{C0100112-1897-4059-8CE0-7F3086A166EA}.Debug|Any CPU.Deploy.0 = Debug|Any CPU
		{C0100112-1897-4059-8CE0-7F3086A166EA}.Debug|iPhone.ActiveCfg = Debug|Any CPU
		{C0100112-1897-4059-8CE0-7F3086A166EA}.Debug|iPhone.Build.0 = Debug|Any CPU
		{C0100112-1897-4059-8CE0-7F3086A166EA}.Debug|iPhone.Deploy.0 = Debug|Any CPU
		{C0100112-1897-4059-8CE0-7F3086A166EA}.Debug|iPhoneSimulator.ActiveCfg = Debug|Any CPU
		{C0100112-1897-4059-8CE0-7F3086A166EA}.Debug|iPhoneSimulator.Build.0 = Debug|Any CPU
		{C0100112-1897-4059-8CE0-7F3086A166EA}.Debug|iPhoneSimulator.Deploy.0 = Debug|Any CPU
		{C0100112-1897-4059-8CE0-7F3086A166EA}.Release|Any CPU.ActiveCfg = Release|Any CPU
		{C0100112-1897-4059-8CE0-7F3086A166EA}.Release|Any CPU.Build.0 = Release|Any CPU
		{C0100112-1897-4059-8CE0-7F3086A166EA}.Release|Any CPU.Deploy.0 = Release|Any CPU
		{C0100112-1897-4059-8CE0-7F3086A166EA}.Release|iPhone.ActiveCfg = Release|Any CPU
		{C0100112-1897-4059-8CE0-7F3086A166EA}.Release|iPhone.Build.0 = Release|Any CPU
		{C0100112-1897-4059-8CE0-7F3086A166EA}.Release|iPhone.Deploy.0 = Release|Any CPU
		{C0100112-1897-4059-8CE0-7F3086A166EA}.Release|iPhoneSimulator.ActiveCfg = Release|Any CPU
		{C0100112-1897-4059-8CE0-7F3086A166EA}.Release|iPhoneSimulator.Build.0 = Release|Any CPU
		{C0100112-1897-4059-8CE0-7F3086A166EA}.Release|iPhoneSimulator.Deploy.0 = Release|Any CPU
	EndGlobalSection
	GlobalSection(SolutionProperties) = preSolution
		HideSolutionNode = FALSE
	EndGlobalSection
	GlobalSection(ExtensibilityGlobals) = postSolution
		SolutionGuid = {7813E584-560D-41D7-BF81-FAE280094011}
	EndGlobalSection
EndGlobal
